
Microsoft Visual Studio Solution File, Format Version 12.00
# Visual Studio Version 17
VisualStudioVersion = 17.2.32616.157
MinimumVisualStudioVersion = 10.0.40219.1
Project("{9A19103F-16F7-4668-BE54-9A1E7A4F7556}") = "LMS.App", "LMS.App\LMS.App.csproj", "{FB90042F-4002-4039-A606-B277AEF7501A}"
EndProject
Project("{9A19103F-16F7-4668-BE54-9A1E7A4F7556}") = "LMS.Data", "LMS.Data\LMS.Data.csproj", "{DE6F909A-EBAE-4101-8017-0EBE5C7491EB}"
EndProject
Project("{9A19103F-16F7-4668-BE54-9A1E7A4F7556}") = "LMS.Common", "LMS.Common\LMS.Common.csproj", "{4A89A309-2206-40EA-BE75-956B72B57165}"
EndProject
Project("{9A19103F-16F7-4668-BE54-9A1E7A4F7556}") = "LMS.Services", "LMS.Services\LMS.Services.csproj", "{0F8EA6A9-0A57-44FF-B1CA-DA1D02F0BDF5}"
EndProject
Project("{9A19103F-16F7-4668-BE54-9A1E7A4F7556}") = "LMS.DataAccess", "LMS.DataAccess\LMS.DataAccess.csproj", "{EAEF5100-1C9F-485D-9863-6927F7C464CF}"
EndProject
Global
	GlobalSection(SolutionConfigurationPlatforms) = preSolution
		Debug|Any CPU = Debug|Any CPU
		Release|Any CPU = Release|Any CPU
	EndGlobalSection
	GlobalSection(ProjectConfigurationPlatforms) = postSolution
		{FB90042F-4002-4039-A606-B277AEF7501A}.Debug|Any CPU.ActiveCfg = Debug|Any CPU
		{FB90042F-4002-4039-A606-B277AEF7501A}.Debug|Any CPU.Build.0 = Debug|Any CPU
		{FB90042F-4002-4039-A606-B277AEF7501A}.Release|Any CPU.ActiveCfg = Release|Any CPU
		{FB90042F-4002-4039-A606-B277AEF7501A}.Release|Any CPU.Build.0 = Release|Any CPU
		{DE6F909A-EBAE-4101-8017-0EBE5C7491EB}.Debug|Any CPU.ActiveCfg = Debug|Any CPU
		{DE6F909A-EBAE-4101-8017-0EBE5C7491EB}.Debug|Any CPU.Build.0 = Debug|Any CPU
		{DE6F909A-EBAE-4101-8017-0EBE5C7491EB}.Release|Any CPU.ActiveCfg = Release|Any CPU
		{DE6F909A-EBAE-4101-8017-0EBE5C7491EB}.Release|Any CPU.Build.0 = Release|Any CPU
		{4A89A309-2206-40EA-BE75-956B72B57165}.Debug|Any CPU.ActiveCfg = Debug|Any CPU
		{4A89A309-2206-40EA-BE75-956B72B57165}.Debug|Any CPU.Build.0 = Debug|Any CPU
		{4A89A309-2206-40EA-BE75-956B72B57165}.Release|Any CPU.ActiveCfg = Release|Any CPU
		{4A89A309-2206-40EA-BE75-956B72B57165}.Release|Any CPU.Build.0 = Release|Any CPU
		{0F8EA6A9-0A57-44FF-B1CA-DA1D02F0BDF5}.Debug|Any CPU.ActiveCfg = Debug|Any CPU
		{0F8EA6A9-0A57-44FF-B1CA-DA1D02F0BDF5}.Debug|Any CPU.Build.0 = Debug|Any CPU
		{0F8EA6A9-0A57-44FF-B1CA-DA1D02F0BDF5}.Release|Any CPU.ActiveCfg = Release|Any CPU
		{0F8EA6A9-0A57-44FF-B1CA-DA1D02F0BDF5}.Release|Any CPU.Build.0 = Release|Any CPU
		{EAEF5100-1C9F-485D-9863-6927F7C464CF}.Debug|Any CPU.ActiveCfg = Debug|Any CPU
		{EAEF5100-1C9F-485D-9863-6927F7C464CF}.Debug|Any CPU.Build.0 = Debug|Any CPU
		{EAEF5100-1C9F-485D-9863-6927F7C464CF}.Release|Any CPU.ActiveCfg = Release|Any CPU
		{EAEF5100-1C9F-485D-9863-6927F7C464CF}.Release|Any CPU.Build.0 = Release|Any CPU
	EndGlobalSection
	GlobalSection(SolutionProperties) = preSolution
		HideSolutionNode = FALSE
	EndGlobalSection
	GlobalSection(ExtensibilityGlobals) = postSolution
		SolutionGuid = {7DAB14C8-D6C8-43E2-AF30-EACA47786E94}
	EndGlobalSection
EndGlobal
