{
  "name": "Code",
  "lockfileVersion": 2,
  "requires": true,
  "packages": {
    "": {
      "dependencies": {
        "country-state-city": "^3.1.2"
      }
    },
    "node_modules/country-state-city": {
      "version": "3.1.2",
      "resolved": "https://registry.npmjs.org/country-state-city/-/country-state-city-3.1.2.tgz",
      "integrity": "sha512-qpzY7GyzqgJsx5TQUak0ryhbMcn1bLN1mgQc37EWkJMOEbszrAMowjzmisnf8ybhLBnbesZ1LK3KTc7SUX1T1w=="
    }
  },
  "dependencies": {
    "country-state-city": {
      "version": "3.1.2",
      "resolved": "https://registry.npmjs.org/country-state-city/-/country-state-city-3.1.2.tgz",
      "integrity": "sha512-qpzY7GyzqgJsx5TQUak0ryhbMcn1bLN1mgQc37EWkJMOEbszrAMowjzmisnf8ybhLBnbesZ1LK3KTc7SUX1T1w=="
    }
  }
}
